
Microsoft Visual Studio Solution File, Format Version 12.00
# Visual Studio Version 17
VisualStudioVersion = 17.0.32014.148
MinimumVisualStudioVersion = 10.0.40219.1
Project("{FAE04EC0-301F-11D3-BF4B-00C04F79EFBC}") = "Algorytm genetyczny", "ConsoleApp1\Algorytm genetyczny.csproj", "{AB07EC11-9D6B-4F02-A855-58B6B2561579}"
EndProject
Global
	GlobalSection(SolutionConfigurationPlatforms) = preSolution
		Debug|Any CPU = Debug|Any CPU
		Release|Any CPU = Release|Any CPU
	EndGlobalSection
	GlobalSection(ProjectConfigurationPlatforms) = postSolution
		{AB07EC11-9D6B-4F02-A855-58B6B2561579}.Debug|Any CPU.ActiveCfg = Debug|Any CPU
		{AB07EC11-9D6B-4F02-A855-58B6B2561579}.Debug|Any CPU.Build.0 = Debug|Any CPU
		{AB07EC11-9D6B-4F02-A855-58B6B2561579}.Release|Any CPU.ActiveCfg = Release|Any CPU
		{AB07EC11-9D6B-4F02-A855-58B6B2561579}.Release|Any CPU.Build.0 = Release|Any CPU
	EndGlobalSection
	GlobalSection(SolutionProperties) = preSolution
		HideSolutionNode = FALSE
	EndGlobalSection
	GlobalSection(ExtensibilityGlobals) = postSolution
		SolutionGuid = {5F2D81C8-594D-4D47-9522-5BB025BB0B28}
	EndGlobalSection
EndGlobal
